// !$*UTF8*$!
{
	archiveVersion = 1;
	classes = {
	};
	objectVersion = 56;
	objects = {

/* Begin PBXBuildFile section */
		7913D0BD2BEB8EF40047FE32 /* CustomPlayerApp.swift in Sources */ = {isa = PBXBuildFile; fileRef = 7913D0BC2BEB8EF40047FE32 /* CustomPlayerApp.swift */; };
		7913D0BF2BEB8EF40047FE32 /* ContentView.swift in Sources */ = {isa = PBXBuildFile; fileRef = 7913D0BE2BEB8EF40047FE32 /* ContentView.swift */; };
		7913D0C12BEB8EF60047FE32 /* Assets.xcassets in Resources */ = {isa = PBXBuildFile; fileRef = 7913D0C02BEB8EF60047FE32 /* Assets.xcassets */; };
		7913D0C42BEB8EF60047FE32 /* Preview Assets.xcassets in Resources */ = {isa = PBXBuildFile; fileRef = 7913D0C32BEB8EF60047FE32 /* Preview Assets.xcassets */; };
		7913D0CE2BEB8EF60047FE32 /* CustomPlayerTests.swift in Sources */ = {isa = PBXBuildFile; fileRef = 7913D0CD2BEB8EF60047FE32 /* CustomPlayerTests.swift */; };
		7913D0D82BEB8EF60047FE32 /* CustomPlayerUITests.swift in Sources */ = {isa = PBXBuildFile; fileRef = 7913D0D72BEB8EF60047FE32 /* CustomPlayerUITests.swift */; };
		7913D0DA2BEB8EF60047FE32 /* CustomPlayerUITestsLaunchTests.swift in Sources */ = {isa = PBXBuildFile; fileRef = 7913D0D92BEB8EF60047FE32 /* CustomPlayerUITestsLaunchTests.swift */; };
		7913D0E72BEB8F9A0047FE32 /* SearchPage.swift in Sources */ = {isa = PBXBuildFile; fileRef = 7913D0E62BEB8F9A0047FE32 /* SearchPage.swift */; };
		7913D0E92BEB8FCA0047FE32 /* RecommendationPage.swift in Sources */ = {isa = PBXBuildFile; fileRef = 7913D0E82BEB8FCA0047FE32 /* RecommendationPage.swift */; };
		7913D0EB2BEB8FDE0047FE32 /* PlaylistPage.swift in Sources */ = {isa = PBXBuildFile; fileRef = 7913D0EA2BEB8FDE0047FE32 /* PlaylistPage.swift */; };
		7913D0EE2BEB94230047FE32 /* SongPlayerPage.swift in Sources */ = {isa = PBXBuildFile; fileRef = 7913D0ED2BEB94230047FE32 /* SongPlayerPage.swift */; };
		7993F6742BEE5C2300430AA0 /* song1.mp3 in Resources */ = {isa = PBXBuildFile; fileRef = 7993F6692BEE5C2300430AA0 /* song1.mp3 */; };
		7993F6752BEE5C2300430AA0 /* song2.mp3 in Resources */ = {isa = PBXBuildFile; fileRef = 7993F66A2BEE5C2300430AA0 /* song2.mp3 */; };
		7993F6762BEE5C2300430AA0 /* song3.mp3 in Resources */ = {isa = PBXBuildFile; fileRef = 7993F66B2BEE5C2300430AA0 /* song3.mp3 */; };
		7993F6772BEE5C2300430AA0 /* song4.mp3 in Resources */ = {isa = PBXBuildFile; fileRef = 7993F66C2BEE5C2300430AA0 /* song4.mp3 */; };
		7993F6782BEE5C2300430AA0 /* song5.mp3 in Resources */ = {isa = PBXBuildFile; fileRef = 7993F66D2BEE5C2300430AA0 /* song5.mp3 */; };
		7993F6792BEE5C2300430AA0 /* song6.mp3 in Resources */ = {isa = PBXBuildFile; fileRef = 7993F66E2BEE5C2300430AA0 /* song6.mp3 */; };
		7993F67A2BEE5C2300430AA0 /* song7.mp3 in Resources */ = {isa = PBXBuildFile; fileRef = 7993F66F2BEE5C2300430AA0 /* song7.mp3 */; };
		7993F67B2BEE5C2300430AA0 /* song8.mp3 in Resources */ = {isa = PBXBuildFile; fileRef = 7993F6702BEE5C2300430AA0 /* song8.mp3 */; };
		7993F67C2BEE5C2300430AA0 /* song9.mp3 in Resources */ = {isa = PBXBuildFile; fileRef = 7993F6712BEE5C2300430AA0 /* song9.mp3 */; };
		7993F67D2BEE5C2300430AA0 /* song10.mp3 in Resources */ = {isa = PBXBuildFile; fileRef = 7993F6722BEE5C2300430AA0 /* song10.mp3 */; };
		7993F67F2BEE5F3B00430AA0 /* PlaylistPageTests.swift in Sources */ = {isa = PBXBuildFile; fileRef = 7993F67E2BEE5F3B00430AA0 /* PlaylistPageTests.swift */; };
		7993F6812BEE616300430AA0 /* RecommendationPageTests.swift in Sources */ = {isa = PBXBuildFile; fileRef = 7993F6802BEE616300430AA0 /* RecommendationPageTests.swift */; };
/* End PBXBuildFile section */

/* Begin PBXContainerItemProxy section */
		7913D0CA2BEB8EF60047FE32 /* PBXContainerItemProxy */ = {
			isa = PBXContainerItemProxy;
			containerPortal = 7913D0B12BEB8EF40047FE32 /* Project object */;
			proxyType = 1;
			remoteGlobalIDString = 7913D0B82BEB8EF40047FE32;
			remoteInfo = CustomPlayer;
		};
		7913D0D42BEB8EF60047FE32 /* PBXContainerItemProxy */ = {
			isa = PBXContainerItemProxy;
			containerPortal = 7913D0B12BEB8EF40047FE32 /* Project object */;
			proxyType = 1;
			remoteGlobalIDString = 7913D0B82BEB8EF40047FE32;
			remoteInfo = CustomPlayer;
		};
/* End PBXContainerItemProxy section */

/* Begin PBXFileReference section */
		7913D0B92BEB8EF40047FE32 /* CustomPlayer.app */ = {isa = PBXFileReference; explicitFileType = wrapper.application; includeInIndex = 0; path = CustomPlayer.app; sourceTree = BUILT_PRODUCTS_DIR; };
		7913D0BC2BEB8EF40047FE32 /* CustomPlayerApp.swift */ = {isa = PBXFileReference; lastKnownFileType = sourcecode.swift; path = CustomPlayerApp.swift; sourceTree = "<group>"; };
		7913D0BE2BEB8EF40047FE32 /* ContentView.swift */ = {isa = PBXFileReference; lastKnownFileType = sourcecode.swift; path = ContentView.swift; sourceTree = "<group>"; };
		7913D0C02BEB8EF60047FE32 /* Assets.xcassets */ = {isa = PBXFileReference; lastKnownFileType = folder.assetcatalog; path = Assets.xcassets; sourceTree = "<group>"; };
		7913D0C32BEB8EF60047FE32 /* Preview Assets.xcassets */ = {isa = PBXFileReference; lastKnownFileType = folder.assetcatalog; path = "Preview Assets.xcassets"; sourceTree = "<group>"; };
		7913D0C92BEB8EF60047FE32 /* CustomPlayerTests.xctest */ = {isa = PBXFileReference; explicitFileType = wrapper.cfbundle; includeInIndex = 0; path = CustomPlayerTests.xctest; sourceTree = BUILT_PRODUCTS_DIR; };
		7913D0CD2BEB8EF60047FE32 /* CustomPlayerTests.swift */ = {isa = PBXFileReference; lastKnownFileType = sourcecode.swift; path = CustomPlayerTests.swift; sourceTree = "<group>"; };
		7913D0D32BEB8EF60047FE32 /* CustomPlayerUITests.xctest */ = {isa = PBXFileReference; explicitFileType = wrapper.cfbundle; includeInIndex = 0; path = CustomPlayerUITests.xctest; sourceTree = BUILT_PRODUCTS_DIR; };
		7913D0D72BEB8EF60047FE32 /* CustomPlayerUITests.swift */ = {isa = PBXFileReference; lastKnownFileType = sourcecode.swift; path = CustomPlayerUITests.swift; sourceTree = "<group>"; };
		7913D0D92BEB8EF60047FE32 /* CustomPlayerUITestsLaunchTests.swift */ = {isa = PBXFileReference; lastKnownFileType = sourcecode.swift; path = CustomPlayerUITestsLaunchTests.swift; sourceTree = "<group>"; };
		7913D0E62BEB8F9A0047FE32 /* SearchPage.swift */ = {isa = PBXFileReference; lastKnownFileType = sourcecode.swift; path = SearchPage.swift; sourceTree = "<group>"; };
		7913D0E82BEB8FCA0047FE32 /* RecommendationPage.swift */ = {isa = PBXFileReference; lastKnownFileType = sourcecode.swift; path = RecommendationPage.swift; sourceTree = "<group>"; };
		7913D0EA2BEB8FDE0047FE32 /* PlaylistPage.swift */ = {isa = PBXFileReference; lastKnownFileType = sourcecode.swift; path = PlaylistPage.swift; sourceTree = "<group>"; };
		7913D0ED2BEB94230047FE32 /* SongPlayerPage.swift */ = {isa = PBXFileReference; lastKnownFileType = sourcecode.swift; path = SongPlayerPage.swift; sourceTree = "<group>"; };
		7993F6692BEE5C2300430AA0 /* song1.mp3 */ = {isa = PBXFileReference; lastKnownFileType = audio.mp3; path = song1.mp3; sourceTree = "<group>"; };
		7993F66A2BEE5C2300430AA0 /* song2.mp3 */ = {isa = PBXFileReference; lastKnownFileType = audio.mp3; path = song2.mp3; sourceTree = "<group>"; };
		7993F66B2BEE5C2300430AA0 /* song3.mp3 */ = {isa = PBXFileReference; lastKnownFileType = audio.mp3; path = song3.mp3; sourceTree = "<group>"; };
		7993F66C2BEE5C2300430AA0 /* song4.mp3 */ = {isa = PBXFileReference; lastKnownFileType = audio.mp3; path = song4.mp3; sourceTree = "<group>"; };
		7993F66D2BEE5C2300430AA0 /* song5.mp3 */ = {isa = PBXFileReference; lastKnownFileType = audio.mp3; path = song5.mp3; sourceTree = "<group>"; };
		7993F66E2BEE5C2300430AA0 /* song6.mp3 */ = {isa = PBXFileReference; lastKnownFileType = audio.mp3; path = song6.mp3; sourceTree = "<group>"; };
		7993F66F2BEE5C2300430AA0 /* song7.mp3 */ = {isa = PBXFileReference; lastKnownFileType = audio.mp3; path = song7.mp3; sourceTree = "<group>"; };
		7993F6702BEE5C2300430AA0 /* song8.mp3 */ = {isa = PBXFileReference; lastKnownFileType = audio.mp3; path = song8.mp3; sourceTree = "<group>"; };
		7993F6712BEE5C2300430AA0 /* song9.mp3 */ = {isa = PBXFileReference; lastKnownFileType = audio.mp3; path = song9.mp3; sourceTree = "<group>"; };
		7993F6722BEE5C2300430AA0 /* song10.mp3 */ = {isa = PBXFileReference; lastKnownFileType = audio.mp3; path = song10.mp3; sourceTree = "<group>"; };
		7993F67E2BEE5F3B00430AA0 /* PlaylistPageTests.swift */ = {isa = PBXFileReference; lastKnownFileType = sourcecode.swift; path = PlaylistPageTests.swift; sourceTree = "<group>"; };
		7993F6802BEE616300430AA0 /* RecommendationPageTests.swift */ = {isa = PBXFileReference; lastKnownFileType = sourcecode.swift; path = RecommendationPageTests.swift; sourceTree = "<group>"; };
/* End PBXFileReference section */

/* Begin PBXFrameworksBuildPhase section */
		7913D0B62BEB8EF40047FE32 /* Frameworks */ = {
			isa = PBXFrameworksBuildPhase;
			buildActionMask = 2147483647;
			files = (
			);
			runOnlyForDeploymentPostprocessing = 0;
		};
		7913D0C62BEB8EF60047FE32 /* Frameworks */ = {
			isa = PBXFrameworksBuildPhase;
			buildActionMask = 2147483647;
			files = (
			);
			runOnlyForDeploymentPostprocessing = 0;
		};
		7913D0D02BEB8EF60047FE32 /* Frameworks */ = {
			isa = PBXFrameworksBuildPhase;
			buildActionMask = 2147483647;
			files = (
			);
			runOnlyForDeploymentPostprocessing = 0;
		};
/* End PBXFrameworksBuildPhase section */

/* Begin PBXGroup section */
		7913D0B02BEB8EF40047FE32 = {
			isa = PBXGroup;
			children = (
				7993F6732BEE5C2300430AA0 /* Songs */,
				7913D0BB2BEB8EF40047FE32 /* CustomPlayer */,
				7913D0CC2BEB8EF60047FE32 /* CustomPlayerTests */,
				7913D0D62BEB8EF60047FE32 /* CustomPlayerUITests */,
				7913D0BA2BEB8EF40047FE32 /* Products */,
			);
			sourceTree = "<group>";
		};
		7913D0BA2BEB8EF40047FE32 /* Products */ = {
			isa = PBXGroup;
			children = (
				7913D0B92BEB8EF40047FE32 /* CustomPlayer.app */,
				7913D0C92BEB8EF60047FE32 /* CustomPlayerTests.xctest */,
				7913D0D32BEB8EF60047FE32 /* CustomPlayerUITests.xctest */,
			);
			name = Products;
			sourceTree = "<group>";
		};
		7913D0BB2BEB8EF40047FE32 /* CustomPlayer */ = {
			isa = PBXGroup;
			children = (
				7913D0BC2BEB8EF40047FE32 /* CustomPlayerApp.swift */,
				7913D0BE2BEB8EF40047FE32 /* ContentView.swift */,
				7913D0C02BEB8EF60047FE32 /* Assets.xcassets */,
				7913D0C22BEB8EF60047FE32 /* Preview Content */,
				7913D0EC2BEB8FF70047FE32 /* Pages */,
			);
			path = CustomPlayer;
			sourceTree = "<group>";
		};
		7913D0C22BEB8EF60047FE32 /* Preview Content */ = {
			isa = PBXGroup;
			children = (
				7913D0C32BEB8EF60047FE32 /* Preview Assets.xcassets */,
			);
			path = "Preview Content";
			sourceTree = "<group>";
		};
		7913D0CC2BEB8EF60047FE32 /* CustomPlayerTests */ = {
			isa = PBXGroup;
			children = (
				7913D0CD2BEB8EF60047FE32 /* CustomPlayerTests.swift */,
				7993F67E2BEE5F3B00430AA0 /* PlaylistPageTests.swift */,
				7993F6802BEE616300430AA0 /* RecommendationPageTests.swift */,
			);
			path = CustomPlayerTests;
			sourceTree = "<group>";
		};
		7913D0D62BEB8EF60047FE32 /* CustomPlayerUITests */ = {
			isa = PBXGroup;
			children = (
				7913D0D72BEB8EF60047FE32 /* CustomPlayerUITests.swift */,
				7913D0D92BEB8EF60047FE32 /* CustomPlayerUITestsLaunchTests.swift */,
			);
			path = CustomPlayerUITests;
			sourceTree = "<group>";
		};
		7913D0EC2BEB8FF70047FE32 /* Pages */ = {
			isa = PBXGroup;
			children = (
				7913D0EA2BEB8FDE0047FE32 /* PlaylistPage.swift */,
				7913D0E82BEB8FCA0047FE32 /* RecommendationPage.swift */,
				7913D0E62BEB8F9A0047FE32 /* SearchPage.swift */,
				7913D0ED2BEB94230047FE32 /* SongPlayerPage.swift */,
			);
			path = Pages;
			sourceTree = "<group>";
		};
		7993F6732BEE5C2300430AA0 /* Songs */ = {
			isa = PBXGroup;
			children = (
				7993F6692BEE5C2300430AA0 /* song1.mp3 */,
				7993F66A2BEE5C2300430AA0 /* song2.mp3 */,
				7993F66B2BEE5C2300430AA0 /* song3.mp3 */,
				7993F66C2BEE5C2300430AA0 /* song4.mp3 */,
				7993F66D2BEE5C2300430AA0 /* song5.mp3 */,
				7993F66E2BEE5C2300430AA0 /* song6.mp3 */,
				7993F66F2BEE5C2300430AA0 /* song7.mp3 */,
				7993F6702BEE5C2300430AA0 /* song8.mp3 */,
				7993F6712BEE5C2300430AA0 /* song9.mp3 */,
				7993F6722BEE5C2300430AA0 /* song10.mp3 */,
			);
			path = Songs;
			sourceTree = "<group>";
		};
/* End PBXGroup section */

/* Begin PBXNativeTarget section */
		7913D0B82BEB8EF40047FE32 /* CustomPlayer */ = {
			isa = PBXNativeTarget;
			buildConfigurationList = 7913D0DD2BEB8EF60047FE32 /* Build configuration list for PBXNativeTarget "CustomPlayer" */;
			buildPhases = (
				7913D0B52BEB8EF40047FE32 /* Sources */,
				7913D0B62BEB8EF40047FE32 /* Frameworks */,
				7913D0B72BEB8EF40047FE32 /* Resources */,
			);
			buildRules = (
			);
			dependencies = (
			);
			name = CustomPlayer;
			productName = CustomPlayer;
			productReference = 7913D0B92BEB8EF40047FE32 /* CustomPlayer.app */;
			productType = "com.apple.product-type.application";
		};
		7913D0C82BEB8EF60047FE32 /* CustomPlayerTests */ = {
			isa = PBXNativeTarget;
			buildConfigurationList = 7913D0E02BEB8EF60047FE32 /* Build configuration list for PBXNativeTarget "CustomPlayerTests" */;
			buildPhases = (
				7913D0C52BEB8EF60047FE32 /* Sources */,
				7913D0C62BEB8EF60047FE32 /* Frameworks */,
				7913D0C72BEB8EF60047FE32 /* Resources */,
			);
			buildRules = (
			);
			dependencies = (
				7913D0CB2BEB8EF60047FE32 /* PBXTargetDependency */,
			);
			name = CustomPlayerTests;
			productName = CustomPlayerTests;
			productReference = 7913D0C92BEB8EF60047FE32 /* CustomPlayerTests.xctest */;
			productType = "com.apple.product-type.bundle.unit-test";
		};
		7913D0D22BEB8EF60047FE32 /* CustomPlayerUITests */ = {
			isa = PBXNativeTarget;
			buildConfigurationList = 7913D0E32BEB8EF60047FE32 /* Build configuration list for PBXNativeTarget "CustomPlayerUITests" */;
			buildPhases = (
				7913D0CF2BEB8EF60047FE32 /* Sources */,
				7913D0D02BEB8EF60047FE32 /* Frameworks */,
				7913D0D12BEB8EF60047FE32 /* Resources */,
			);
			buildRules = (
			);
			dependencies = (
				7913D0D52BEB8EF60047FE32 /* PBXTargetDependency */,
			);
			name = CustomPlayerUITests;
			productName = CustomPlayerUITests;
			productReference = 7913D0D32BEB8EF60047FE32 /* CustomPlayerUITests.xctest */;
			productType = "com.apple.product-type.bundle.ui-testing";
		};
/* End PBXNativeTarget section */

/* Begin PBXProject section */
		7913D0B12BEB8EF40047FE32 /* Project object */ = {
			isa = PBXProject;
			attributes = {
				BuildIndependentTargetsInParallel = 1;
				LastSwiftUpdateCheck = 1530;
				LastUpgradeCheck = 1530;
				TargetAttributes = {
					7913D0B82BEB8EF40047FE32 = {
						CreatedOnToolsVersion = 15.3;
					};
					7913D0C82BEB8EF60047FE32 = {
						CreatedOnToolsVersion = 15.3;
						TestTargetID = 7913D0B82BEB8EF40047FE32;
					};
					7913D0D22BEB8EF60047FE32 = {
						CreatedOnToolsVersion = 15.3;
						TestTargetID = 7913D0B82BEB8EF40047FE32;
					};
				};
			};
			buildConfigurationList = 7913D0B42BEB8EF40047FE32 /* Build configuration list for PBXProject "CustomPlayer" */;
			compatibilityVersion = "Xcode 14.0";
			developmentRegion = en;
			hasScannedForEncodings = 0;
			knownRegions = (
				en,
				Base,
			);
			mainGroup = 7913D0B02BEB8EF40047FE32;
			productRefGroup = 7913D0BA2BEB8EF40047FE32 /* Products */;
			projectDirPath = "";
			projectRoot = "";
			targets = (
				7913D0B82BEB8EF40047FE32 /* CustomPlayer */,
				7913D0C82BEB8EF60047FE32 /* CustomPlayerTests */,
				7913D0D22BEB8EF60047FE32 /* CustomPlayerUITests */,
			);
		};
/* End PBXProject section */

/* Begin PBXResourcesBuildPhase section */
		7913D0B72BEB8EF40047FE32 /* Resources */ = {
			isa = PBXResourcesBuildPhase;
			buildActionMask = 2147483647;
			files = (
				7993F6752BEE5C2300430AA0 /* song2.mp3 in Resources */,
				7993F67A2BEE5C2300430AA0 /* song7.mp3 in Resources */,
				7993F67B2BEE5C2300430AA0 /* song8.mp3 in Resources */,
				7913D0C42BEB8EF60047FE32 /* Preview Assets.xcassets in Resources */,
				7993F67D2BEE5C2300430AA0 /* song10.mp3 in Resources */,
				7993F67C2BEE5C2300430AA0 /* song9.mp3 in Resources */,
				7993F6782BEE5C2300430AA0 /* song5.mp3 in Resources */,
				7993F6762BEE5C2300430AA0 /* song3.mp3 in Resources */,
				7993F6792BEE5C2300430AA0 /* song6.mp3 in Resources */,
				7993F6742BEE5C2300430AA0 /* song1.mp3 in Resources */,
				7993F6772BEE5C2300430AA0 /* song4.mp3 in Resources */,
				7913D0C12BEB8EF60047FE32 /* Assets.xcassets in Resources */,
			);
			runOnlyForDeploymentPostprocessing = 0;
		};
		7913D0C72BEB8EF60047FE32 /* Resources */ = {
			isa = PBXResourcesBuildPhase;
			buildActionMask = 2147483647;
			files = (
			);
			runOnlyForDeploymentPostprocessing = 0;
		};
		7913D0D12BEB8EF60047FE32 /* Resources */ = {
			isa = PBXResourcesBuildPhase;
			buildActionMask = 2147483647;
			files = (
			);
			runOnlyForDeploymentPostprocessing = 0;
		};
/* End PBXResourcesBuildPhase section */

/* Begin PBXSourcesBuildPhase section */
		7913D0B52BEB8EF40047FE32 /* Sources */ = {
			isa = PBXSourcesBuildPhase;
			buildActionMask = 2147483647;
			files = (
				7913D0BF2BEB8EF40047FE32 /* ContentView.swift in Sources */,
				7913D0E92BEB8FCA0047FE32 /* RecommendationPage.swift in Sources */,
				7913D0BD2BEB8EF40047FE32 /* CustomPlayerApp.swift in Sources */,
				7913D0EB2BEB8FDE0047FE32 /* PlaylistPage.swift in Sources */,
				7913D0EE2BEB94230047FE32 /* SongPlayerPage.swift in Sources */,
				7913D0E72BEB8F9A0047FE32 /* SearchPage.swift in Sources */,
			);
			runOnlyForDeploymentPostprocessing = 0;
		};
		7913D0C52BEB8EF60047FE32 /* Sources */ = {
			isa = PBXSourcesBuildPhase;
			buildActionMask = 2147483647;
			files = (
				7993F67F2BEE5F3B00430AA0 /* PlaylistPageTests.swift in Sources */,
				7913D0CE2BEB8EF60047FE32 /* CustomPlayerTests.swift in Sources */,
				7993F6812BEE616300430AA0 /* RecommendationPageTests.swift in Sources */,
			);
			runOnlyForDeploymentPostprocessing = 0;
		};
		7913D0CF2BEB8EF60047FE32 /* Sources */ = {
			isa = PBXSourcesBuildPhase;
			buildActionMask = 2147483647;
			files = (
				7913D0DA2BEB8EF60047FE32 /* CustomPlayerUITestsLaunchTests.swift in Sources */,
				7913D0D82BEB8EF60047FE32 /* CustomPlayerUITests.swift in Sources */,
			);
			runOnlyForDeploymentPostprocessing = 0;
		};
/* End PBXSourcesBuildPhase section */

/* Begin PBXTargetDependency section */
		7913D0CB2BEB8EF60047FE32 /* PBXTargetDependency */ = {
			isa = PBXTargetDependency;
			target = 7913D0B82BEB8EF40047FE32 /* CustomPlayer */;
			targetProxy = 7913D0CA2BEB8EF60047FE32 /* PBXContainerItemProxy */;
		};
		7913D0D52BEB8EF60047FE32 /* PBXTargetDependency */ = {
			isa = PBXTargetDependency;
			target = 7913D0B82BEB8EF40047FE32 /* CustomPlayer */;
			targetProxy = 7913D0D42BEB8EF60047FE32 /* PBXContainerItemProxy */;
		};
/* End PBXTargetDependency section */

/* Begin XCBuildConfiguration section */
		7913D0DB2BEB8EF60047FE32 /* Debug */ = {
			isa = XCBuildConfiguration;
			buildSettings = {
				ALWAYS_SEARCH_USER_PATHS = NO;
				ASSETCATALOG_COMPILER_GENERATE_SWIFT_ASSET_SYMBOL_EXTENSIONS = YES;
				CLANG_ANALYZER_NONNULL = YES;
				CLANG_ANALYZER_NUMBER_OBJECT_CONVERSION = YES_AGGRESSIVE;
				CLANG_CXX_LANGUAGE_STANDARD = "gnu++20";
				CLANG_ENABLE_MODULES = YES;
				CLANG_ENABLE_OBJC_ARC = YES;
				CLANG_ENABLE_OBJC_WEAK = YES;
				CLANG_WARN_BLOCK_CAPTURE_AUTORELEASING = YES;
				CLANG_WARN_BOOL_CONVERSION = YES;
				CLANG_WARN_COMMA = YES;
				CLANG_WARN_CONSTANT_CONVERSION = YES;
				CLANG_WARN_DEPRECATED_OBJC_IMPLEMENTATIONS = YES;
				CLANG_WARN_DIRECT_OBJC_ISA_USAGE = YES_ERROR;
				CLANG_WARN_DOCUMENTATION_COMMENTS = YES;
				CLANG_WARN_EMPTY_BODY = YES;
				CLANG_WARN_ENUM_CONVERSION = YES;
				CLANG_WARN_INFINITE_RECURSION = YES;
				CLANG_WARN_INT_CONVERSION = YES;
				CLANG_WARN_NON_LITERAL_NULL_CONVERSION = YES;
				CLANG_WARN_OBJC_IMPLICIT_RETAIN_SELF = YES;
				CLANG_WARN_OBJC_LITERAL_CONVERSION = YES;
				CLANG_WARN_OBJC_ROOT_CLASS = YES_ERROR;
				CLANG_WARN_QUOTED_INCLUDE_IN_FRAMEWORK_HEADER = YES;
				CLANG_WARN_RANGE_LOOP_ANALYSIS = YES;
				CLANG_WARN_STRICT_PROTOTYPES = YES;
				CLANG_WARN_SUSPICIOUS_MOVE = YES;
				CLANG_WARN_UNGUARDED_AVAILABILITY = YES_AGGRESSIVE;
				CLANG_WARN_UNREACHABLE_CODE = YES;
				CLANG_WARN__DUPLICATE_METHOD_MATCH = YES;
				COPY_PHASE_STRIP = NO;
				DEBUG_INFORMATION_FORMAT = dwarf;
				ENABLE_STRICT_OBJC_MSGSEND = YES;
				ENABLE_TESTABILITY = YES;
				ENABLE_USER_SCRIPT_SANDBOXING = YES;
				GCC_C_LANGUAGE_STANDARD = gnu17;
				GCC_DYNAMIC_NO_PIC = NO;
				GCC_NO_COMMON_BLOCKS = YES;
				GCC_OPTIMIZATION_LEVEL = 0;
				GCC_PREPROCESSOR_DEFINITIONS = (
					"DEBUG=1",
					"$(inherited)",
				);
				GCC_WARN_64_TO_32_BIT_CONVERSION = YES;
				GCC_WARN_ABOUT_RETURN_TYPE = YES_ERROR;
				GCC_WARN_UNDECLARED_SELECTOR = YES;
				GCC_WARN_UNINITIALIZED_AUTOS = YES_AGGRESSIVE;
				GCC_WARN_UNUSED_FUNCTION = YES;
				GCC_WARN_UNUSED_VARIABLE = YES;
				IPHONEOS_DEPLOYMENT_TARGET = 17.4;
				LOCALIZATION_PREFERS_STRING_CATALOGS = YES;
				MTL_ENABLE_DEBUG_INFO = INCLUDE_SOURCE;
				MTL_FAST_MATH = YES;
				ONLY_ACTIVE_ARCH = YES;
				SDKROOT = iphoneos;
				SWIFT_ACTIVE_COMPILATION_CONDITIONS = "DEBUG $(inherited)";
				SWIFT_OPTIMIZATION_LEVEL = "-Onone";
			};
			name = Debug;
		};
		7913D0DC2BEB8EF60047FE32 /* Release */ = {
			isa = XCBuildConfiguration;
			buildSettings = {
				ALWAYS_SEARCH_USER_PATHS = NO;
				ASSETCATALOG_COMPILER_GENERATE_SWIFT_ASSET_SYMBOL_EXTENSIONS = YES;
				CLANG_ANALYZER_NONNULL = YES;
				CLANG_ANALYZER_NUMBER_OBJECT_CONVERSION = YES_AGGRESSIVE;
				CLANG_CXX_LANGUAGE_STANDARD = "gnu++20";
				CLANG_ENABLE_MODULES = YES;
				CLANG_ENABLE_OBJC_ARC = YES;
				CLANG_ENABLE_OBJC_WEAK = YES;
				CLANG_WARN_BLOCK_CAPTURE_AUTORELEASING = YES;
				CLANG_WARN_BOOL_CONVERSION = YES;
				CLANG_WARN_COMMA = YES;
				CLANG_WARN_CONSTANT_CONVERSION = YES;
				CLANG_WARN_DEPRECATED_OBJC_IMPLEMENTATIONS = YES;
				CLANG_WARN_DIRECT_OBJC_ISA_USAGE = YES_ERROR;
				CLANG_WARN_DOCUMENTATION_COMMENTS = YES;
				CLANG_WARN_EMPTY_BODY = YES;
				CLANG_WARN_ENUM_CONVERSION = YES;
				CLANG_WARN_INFINITE_RECURSION = YES;
				CLANG_WARN_INT_CONVERSION = YES;
				CLANG_WARN_NON_LITERAL_NULL_CONVERSION = YES;
				CLANG_WARN_OBJC_IMPLICIT_RETAIN_SELF = YES;
				CLANG_WARN_OBJC_LITERAL_CONVERSION = YES;
				CLANG_WARN_OBJC_ROOT_CLASS = YES_ERROR;
				CLANG_WARN_QUOTED_INCLUDE_IN_FRAMEWORK_HEADER = YES;
				CLANG_WARN_RANGE_LOOP_ANALYSIS = YES;
				CLANG_WARN_STRICT_PROTOTYPES = YES;
				CLANG_WARN_SUSPICIOUS_MOVE = YES;
				CLANG_WARN_UNGUARDED_AVAILABILITY = YES_AGGRESSIVE;
				CLANG_WARN_UNREACHABLE_CODE = YES;
				CLANG_WARN__DUPLICATE_METHOD_MATCH = YES;
				COPY_PHASE_STRIP = NO;
				DEBUG_INFORMATION_FORMAT = "dwarf-with-dsym";
				ENABLE_NS_ASSERTIONS = NO;
				ENABLE_STRICT_OBJC_MSGSEND = YES;
				ENABLE_USER_SCRIPT_SANDBOXING = YES;
				GCC_C_LANGUAGE_STANDARD = gnu17;
				GCC_NO_COMMON_BLOCKS = YES;
				GCC_WARN_64_TO_32_BIT_CONVERSION = YES;
				GCC_WARN_ABOUT_RETURN_TYPE = YES_ERROR;
				GCC_WARN_UNDECLARED_SELECTOR = YES;
				GCC_WARN_UNINITIALIZED_AUTOS = YES_AGGRESSIVE;
				GCC_WARN_UNUSED_FUNCTION = YES;
				GCC_WARN_UNUSED_VARIABLE = YES;
				IPHONEOS_DEPLOYMENT_TARGET = 17.4;
				LOCALIZATION_PREFERS_STRING_CATALOGS = YES;
				MTL_ENABLE_DEBUG_INFO = NO;
				MTL_FAST_MATH = YES;
				SDKROOT = iphoneos;
				SWIFT_COMPILATION_MODE = wholemodule;
				VALIDATE_PRODUCT = YES;
			};
			name = Release;
		};
		7913D0DE2BEB8EF60047FE32 /* Debug */ = {
			isa = XCBuildConfiguration;
			buildSettings = {
				ASSETCATALOG_COMPILER_APPICON_NAME = AppIcon;
				ASSETCATALOG_COMPILER_GLOBAL_ACCENT_COLOR_NAME = AccentColor;
				CODE_SIGN_STYLE = Automatic;
				CURRENT_PROJECT_VERSION = 1;
				DEVELOPMENT_ASSET_PATHS = "\"CustomPlayer/Preview Content\"";
				ENABLE_PREVIEWS = YES;
				GENERATE_INFOPLIST_FILE = YES;
				INFOPLIST_KEY_UIApplicationSceneManifest_Generation = YES;
				INFOPLIST_KEY_UIApplicationSupportsIndirectInputEvents = YES;
				INFOPLIST_KEY_UILaunchScreen_Generation = YES;
				INFOPLIST_KEY_UISupportedInterfaceOrientations_iPad = "UIInterfaceOrientationPortrait UIInterfaceOrientationPortraitUpsideDown UIInterfaceOrientationLandscapeLeft UIInterfaceOrientationLandscapeRight";
				INFOPLIST_KEY_UISupportedInterfaceOrientations_iPhone = "UIInterfaceOrientationPortrait UIInterfaceOrientationLandscapeLeft UIInterfaceOrientationLandscapeRight";
				LD_RUNPATH_SEARCH_PATHS = (
					"$(inherited)",
					"@executable_path/Frameworks",
				);
				MARKETING_VERSION = 1.0;
				PRODUCT_BUNDLE_IDENTIFIER = Blotenko.CustomPlayer;
				PRODUCT_NAME = "$(TARGET_NAME)";
				SWIFT_EMIT_LOC_STRINGS = YES;
				SWIFT_VERSION = 5.0;
				TARGETED_DEVICE_FAMILY = "1,2";
			};
			name = Debug;
		};
		7913D0DF2BEB8EF60047FE32 /* Release */ = {
			isa = XCBuildConfiguration;
			buildSettings = {
				ASSETCATALOG_COMPILER_APPICON_NAME = AppIcon;
				ASSETCATALOG_COMPILER_GLOBAL_ACCENT_COLOR_NAME = AccentColor;
				CODE_SIGN_STYLE = Automatic;
				CURRENT_PROJECT_VERSION = 1;
				DEVELOPMENT_ASSET_PATHS = "\"CustomPlayer/Preview Content\"";
				ENABLE_PREVIEWS = YES;
				GENERATE_INFOPLIST_FILE = YES;
				INFOPLIST_KEY_UIApplicationSceneManifest_Generation = YES;
				INFOPLIST_KEY_UIApplicationSupportsIndirectInputEvents = YES;
				INFOPLIST_KEY_UILaunchScreen_Generation = YES;
				INFOPLIST_KEY_UISupportedInterfaceOrientations_iPad = "UIInterfaceOrientationPortrait UIInterfaceOrientationPortraitUpsideDown UIInterfaceOrientationLandscapeLeft UIInterfaceOrientationLandscapeRight";
				INFOPLIST_KEY_UISupportedInterfaceOrientations_iPhone = "UIInterfaceOrientationPortrait UIInterfaceOrientationLandscapeLeft UIInterfaceOrientationLandscapeRight";
				LD_RUNPATH_SEARCH_PATHS = (
					"$(inherited)",
					"@executable_path/Frameworks",
				);
				MARKETING_VERSION = 1.0;
				PRODUCT_BUNDLE_IDENTIFIER = Blotenko.CustomPlayer;
				PRODUCT_NAME = "$(TARGET_NAME)";
				SWIFT_EMIT_LOC_STRINGS = YES;
				SWIFT_VERSION = 5.0;
				TARGETED_DEVICE_FAMILY = "1,2";
			};
			name = Release;
		};
		7913D0E12BEB8EF60047FE32 /* Debug */ = {
			isa = XCBuildConfiguration;
			buildSettings = {
				ALWAYS_EMBED_SWIFT_STANDARD_LIBRARIES = YES;
				BUNDLE_LOADER = "$(TEST_HOST)";
				CODE_SIGN_STYLE = Automatic;
				CURRENT_PROJECT_VERSION = 1;
				GENERATE_INFOPLIST_FILE = YES;
				IPHONEOS_DEPLOYMENT_TARGET = 17.4;
				MARKETING_VERSION = 1.0;
				PRODUCT_BUNDLE_IDENTIFIER = Blotenko.CustomPlayerTests;
				PRODUCT_NAME = "$(TARGET_NAME)";
				SWIFT_EMIT_LOC_STRINGS = NO;
				SWIFT_VERSION = 5.0;
				TARGETED_DEVICE_FAMILY = "1,2";
				TEST_HOST = "$(BUILT_PRODUCTS_DIR)/CustomPlayer.app/$(BUNDLE_EXECUTABLE_FOLDER_PATH)/CustomPlayer";
			};
			name = Debug;
		};
		7913D0E22BEB8EF60047FE32 /* Release */ = {
			isa = XCBuildConfiguration;
			buildSettings = {
				ALWAYS_EMBED_SWIFT_STANDARD_LIBRARIES = YES;
				BUNDLE_LOADER = "$(TEST_HOST)";
				CODE_SIGN_STYLE = Automatic;
				CURRENT_PROJECT_VERSION = 1;
				GENERATE_INFOPLIST_FILE = YES;
				IPHONEOS_DEPLOYMENT_TARGET = 17.4;
				MARKETING_VERSION = 1.0;
				PRODUCT_BUNDLE_IDENTIFIER = Blotenko.CustomPlayerTests;
				PRODUCT_NAME = "$(TARGET_NAME)";
				SWIFT_EMIT_LOC_STRINGS = NO;
				SWIFT_VERSION = 5.0;
				TARGETED_DEVICE_FAMILY = "1,2";
				TEST_HOST = "$(BUILT_PRODUCTS_DIR)/CustomPlayer.app/$(BUNDLE_EXECUTABLE_FOLDER_PATH)/CustomPlayer";
			};
			name = Release;
		};
		7913D0E42BEB8EF60047FE32 /* Debug */ = {
			isa = XCBuildConfiguration;
			buildSettings = {
				ALWAYS_EMBED_SWIFT_STANDARD_LIBRARIES = YES;
				CODE_SIGN_STYLE = Automatic;
				CURRENT_PROJECT_VERSION = 1;
				GENERATE_INFOPLIST_FILE = YES;
				MARKETING_VERSION = 1.0;
				PRODUCT_BUNDLE_IDENTIFIER = Blotenko.CustomPlayerUITests;
				PRODUCT_NAME = "$(TARGET_NAME)";
				SWIFT_EMIT_LOC_STRINGS = NO;
				SWIFT_VERSION = 5.0;
				TARGETED_DEVICE_FAMILY = "1,2";
				TEST_TARGET_NAME = CustomPlayer;
			};
			name = Debug;
		};
		7913D0E52BEB8EF60047FE32 /* Release */ = {
			isa = XCBuildConfiguration;
			buildSettings = {
				ALWAYS_EMBED_SWIFT_STANDARD_LIBRARIES = YES;
				CODE_SIGN_STYLE = Automatic;
				CURRENT_PROJECT_VERSION = 1;
				GENERATE_INFOPLIST_FILE = YES;
				MARKETING_VERSION = 1.0;
				PRODUCT_BUNDLE_IDENTIFIER = Blotenko.CustomPlayerUITests;
				PRODUCT_NAME = "$(TARGET_NAME)";
				SWIFT_EMIT_LOC_STRINGS = NO;
				SWIFT_VERSION = 5.0;
				TARGETED_DEVICE_FAMILY = "1,2";
				TEST_TARGET_NAME = CustomPlayer;
			};
			name = Release;
		};
/* End XCBuildConfiguration section */

/* Begin XCConfigurationList section */
		7913D0B42BEB8EF40047FE32 /* Build configuration list for PBXProject "CustomPlayer" */ = {
			isa = XCConfigurationList;
			buildConfigurations = (
				7913D0DB2BEB8EF60047FE32 /* Debug */,
				7913D0DC2BEB8EF60047FE32 /* Release */,
			);
			defaultConfigurationIsVisible = 0;
			defaultConfigurationName = Release;
		};
		7913D0DD2BEB8EF60047FE32 /* Build configuration list for PBXNativeTarget "CustomPlayer" */ = {
			isa = XCConfigurationList;
			buildConfigurations = (
				7913D0DE2BEB8EF60047FE32 /* Debug */,
				7913D0DF2BEB8EF60047FE32 /* Release */,
			);
			defaultConfigurationIsVisible = 0;
			defaultConfigurationName = Release;
		};
		7913D0E02BEB8EF60047FE32 /* Build configuration list for PBXNativeTarget "CustomPlayerTests" */ = {
			isa = XCConfigurationList;
			buildConfigurations = (
				7913D0E12BEB8EF60047FE32 /* Debug */,
				7913D0E22BEB8EF60047FE32 /* Release */,
			);
			defaultConfigurationIsVisible = 0;
			defaultConfigurationName = Release;
		};
		7913D0E32BEB8EF60047FE32 /* Build configuration list for PBXNativeTarget "CustomPlayerUITests" */ = {
			isa = XCConfigurationList;
			buildConfigurations = (
				7913D0E42BEB8EF60047FE32 /* Debug */,
				7913D0E52BEB8EF60047FE32 /* Release */,
			);
			defaultConfigurationIsVisible = 0;
			defaultConfigurationName = Release;
		};
/* End XCConfigurationList section */
	};
	rootObject = 7913D0B12BEB8EF40047FE32 /* Project object */;
}
